
Microsoft Visual Studio Solution File, Format Version 12.00
# Visual Studio 14
VisualStudioVersion = 14.0.25420.1
MinimumVisualStudioVersion = 10.0.40219.1
Project("{FAE04EC0-301F-11D3-BF4B-00C04F79EFBC}") = "Fleets.Line", "Fleets.Line\Fleets.Line.csproj", "{E8B7D997-8514-40EB-9D01-A957108B37EB}"
EndProject
Project("{FAE04EC0-301F-11D3-BF4B-00C04F79EFBC}") = "Fleets.Line.Test", "Fleets.Line.Test\Fleets.Line.Test.csproj", "{2F5CD584-210C-454B-9F4D-7E1833C27835}"
EndProject
Global
	GlobalSection(SolutionConfigurationPlatforms) = preSolution
		Debug|Any CPU = Debug|Any CPU
		Release|Any CPU = Release|Any CPU
	EndGlobalSection
	GlobalSection(ProjectConfigurationPlatforms) = postSolution
		{E8B7D997-8514-40EB-9D01-A957108B37EB}.Debug|Any CPU.ActiveCfg = Debug|Any CPU
		{E8B7D997-8514-40EB-9D01-A957108B37EB}.Debug|Any CPU.Build.0 = Debug|Any CPU
		{E8B7D997-8514-40EB-9D01-A957108B37EB}.Release|Any CPU.ActiveCfg = Release|Any CPU
		{E8B7D997-8514-40EB-9D01-A957108B37EB}.Release|Any CPU.Build.0 = Release|Any CPU
		{2F5CD584-210C-454B-9F4D-7E1833C27835}.Debug|Any CPU.ActiveCfg = Debug|Any CPU
		{2F5CD584-210C-454B-9F4D-7E1833C27835}.Debug|Any CPU.Build.0 = Debug|Any CPU
		{2F5CD584-210C-454B-9F4D-7E1833C27835}.Release|Any CPU.ActiveCfg = Release|Any CPU
		{2F5CD584-210C-454B-9F4D-7E1833C27835}.Release|Any CPU.Build.0 = Release|Any CPU
	EndGlobalSection
	GlobalSection(SolutionProperties) = preSolution
		HideSolutionNode = FALSE
	EndGlobalSection
EndGlobal
